
Microsoft Visual Studio Solution File, Format Version 12.00
# Visual Studio Version 16
VisualStudioVersion = 16.0.31624.102
MinimumVisualStudioVersion = 10.0.40219.1
Project("{9A19103F-16F7-4668-BE54-9A1E7A4F7556}") = "WS.WebApi", "WS.WebApi\WS.WebApi.csproj", "{5858475C-C418-420D-B821-AC8F45EF1088}"
EndProject
Project("{2150E333-8FDC-42A3-9474-1A3956D46DE8}") = "01.WS.WebApi", "01.WS.WebApi", "{D29C8510-BFDB-43D3-A592-4EEE17E9FDB4}"
EndProject
Project("{2150E333-8FDC-42A3-9474-1A3956D46DE8}") = "02.WS.Manager", "02.WS.Manager", "{09632AFD-F0A0-4436-85C1-E38F934D5E8A}"
EndProject
Project("{2150E333-8FDC-42A3-9474-1A3956D46DE8}") = "03.WS.Data", "03.WS.Data", "{52817A0D-2B44-4980-937B-BAD2FCB97297}"
EndProject
Project("{2150E333-8FDC-42A3-9474-1A3956D46DE8}") = "04.WS.Core", "04.WS.Core", "{C13884F9-E86D-4A7C-8EE7-2423C4BB3B4C}"
EndProject
Project("{2150E333-8FDC-42A3-9474-1A3956D46DE8}") = "05.WS.Tests", "05.WS.Tests", "{2950A68C-6C63-400A-8753-309BAB10A75A}"
EndProject
Project("{9A19103F-16F7-4668-BE54-9A1E7A4F7556}") = "WS.Manager", "WS.Mananger\WS.Manager.csproj", "{D14AF6F2-67C6-4AE0-A21A-4CC0A60EC1AD}"
EndProject
Project("{9A19103F-16F7-4668-BE54-9A1E7A4F7556}") = "WS.Data", "WS.Data\WS.Data.csproj", "{22408CB7-ECB9-4ED1-824E-8B23862593D0}"
EndProject
Project("{9A19103F-16F7-4668-BE54-9A1E7A4F7556}") = "WS.Core", "WS.Core\WS.Core.csproj", "{5F1E8EA3-E778-4E55-B31C-4C888FCE8F3A}"
EndProject
Project("{9A19103F-16F7-4668-BE54-9A1E7A4F7556}") = "WS.Core.Shared", "WS.Core.Shared\WS.Core.Shared.csproj", "{45929505-0A86-4C29-931F-02CE4BDA8318}"
EndProject
Project("{9A19103F-16F7-4668-BE54-9A1E7A4F7556}") = "WS.WebApi.Tests", "WS.WebApi.Tests\WS.WebApi.Tests.csproj", "{7A2E6CF2-645C-4FED-84AB-27AC6E8D67D9}"
EndProject
Project("{9A19103F-16F7-4668-BE54-9A1E7A4F7556}") = "WS.FakeData", "WS.FakeData\WS.FakeData.csproj", "{44B76B3D-1469-4451-8851-4360EA85AAB8}"
EndProject
Global
	GlobalSection(SolutionConfigurationPlatforms) = preSolution
		Debug|Any CPU = Debug|Any CPU
		Release|Any CPU = Release|Any CPU
	EndGlobalSection
	GlobalSection(ProjectConfigurationPlatforms) = postSolution
		{5858475C-C418-420D-B821-AC8F45EF1088}.Debug|Any CPU.ActiveCfg = Debug|Any CPU
		{5858475C-C418-420D-B821-AC8F45EF1088}.Debug|Any CPU.Build.0 = Debug|Any CPU
		{5858475C-C418-420D-B821-AC8F45EF1088}.Release|Any CPU.ActiveCfg = Release|Any CPU
		{5858475C-C418-420D-B821-AC8F45EF1088}.Release|Any CPU.Build.0 = Release|Any CPU
		{D14AF6F2-67C6-4AE0-A21A-4CC0A60EC1AD}.Debug|Any CPU.ActiveCfg = Debug|Any CPU
		{D14AF6F2-67C6-4AE0-A21A-4CC0A60EC1AD}.Debug|Any CPU.Build.0 = Debug|Any CPU
		{D14AF6F2-67C6-4AE0-A21A-4CC0A60EC1AD}.Release|Any CPU.ActiveCfg = Release|Any CPU
		{D14AF6F2-67C6-4AE0-A21A-4CC0A60EC1AD}.Release|Any CPU.Build.0 = Release|Any CPU
		{22408CB7-ECB9-4ED1-824E-8B23862593D0}.Debug|Any CPU.ActiveCfg = Debug|Any CPU
		{22408CB7-ECB9-4ED1-824E-8B23862593D0}.Debug|Any CPU.Build.0 = Debug|Any CPU
		{22408CB7-ECB9-4ED1-824E-8B23862593D0}.Release|Any CPU.ActiveCfg = Release|Any CPU
		{22408CB7-ECB9-4ED1-824E-8B23862593D0}.Release|Any CPU.Build.0 = Release|Any CPU
		{5F1E8EA3-E778-4E55-B31C-4C888FCE8F3A}.Debug|Any CPU.ActiveCfg = Debug|Any CPU
		{5F1E8EA3-E778-4E55-B31C-4C888FCE8F3A}.Debug|Any CPU.Build.0 = Debug|Any CPU
		{5F1E8EA3-E778-4E55-B31C-4C888FCE8F3A}.Release|Any CPU.ActiveCfg = Release|Any CPU
		{5F1E8EA3-E778-4E55-B31C-4C888FCE8F3A}.Release|Any CPU.Build.0 = Release|Any CPU
		{45929505-0A86-4C29-931F-02CE4BDA8318}.Debug|Any CPU.ActiveCfg = Debug|Any CPU
		{45929505-0A86-4C29-931F-02CE4BDA8318}.Debug|Any CPU.Build.0 = Debug|Any CPU
		{45929505-0A86-4C29-931F-02CE4BDA8318}.Release|Any CPU.ActiveCfg = Release|Any CPU
		{45929505-0A86-4C29-931F-02CE4BDA8318}.Release|Any CPU.Build.0 = Release|Any CPU
		{7A2E6CF2-645C-4FED-84AB-27AC6E8D67D9}.Debug|Any CPU.ActiveCfg = Debug|Any CPU
		{7A2E6CF2-645C-4FED-84AB-27AC6E8D67D9}.Debug|Any CPU.Build.0 = Debug|Any CPU
		{7A2E6CF2-645C-4FED-84AB-27AC6E8D67D9}.Release|Any CPU.ActiveCfg = Release|Any CPU
		{7A2E6CF2-645C-4FED-84AB-27AC6E8D67D9}.Release|Any CPU.Build.0 = Release|Any CPU
		{44B76B3D-1469-4451-8851-4360EA85AAB8}.Debug|Any CPU.ActiveCfg = Debug|Any CPU
		{44B76B3D-1469-4451-8851-4360EA85AAB8}.Debug|Any CPU.Build.0 = Debug|Any CPU
		{44B76B3D-1469-4451-8851-4360EA85AAB8}.Release|Any CPU.ActiveCfg = Release|Any CPU
		{44B76B3D-1469-4451-8851-4360EA85AAB8}.Release|Any CPU.Build.0 = Release|Any CPU
	EndGlobalSection
	GlobalSection(SolutionProperties) = preSolution
		HideSolutionNode = FALSE
	EndGlobalSection
	GlobalSection(NestedProjects) = preSolution
		{5858475C-C418-420D-B821-AC8F45EF1088} = {D29C8510-BFDB-43D3-A592-4EEE17E9FDB4}
		{D14AF6F2-67C6-4AE0-A21A-4CC0A60EC1AD} = {09632AFD-F0A0-4436-85C1-E38F934D5E8A}
		{22408CB7-ECB9-4ED1-824E-8B23862593D0} = {52817A0D-2B44-4980-937B-BAD2FCB97297}
		{5F1E8EA3-E778-4E55-B31C-4C888FCE8F3A} = {C13884F9-E86D-4A7C-8EE7-2423C4BB3B4C}
		{45929505-0A86-4C29-931F-02CE4BDA8318} = {C13884F9-E86D-4A7C-8EE7-2423C4BB3B4C}
		{7A2E6CF2-645C-4FED-84AB-27AC6E8D67D9} = {2950A68C-6C63-400A-8753-309BAB10A75A}
		{44B76B3D-1469-4451-8851-4360EA85AAB8} = {2950A68C-6C63-400A-8753-309BAB10A75A}
	EndGlobalSection
	GlobalSection(ExtensibilityGlobals) = postSolution
		SolutionGuid = {5E9A239D-5E84-483B-ADDE-CDE503D5F43D}
	EndGlobalSection
EndGlobal
